
Microsoft Visual Studio Solution File, Format Version 12.00
# Visual Studio Version 17
VisualStudioVersion = 17.0.32126.317
MinimumVisualStudioVersion = 10.0.40219.1
Project("{FAE04EC0-301F-11D3-BF4B-00C04F79EFBC}") = "MSCodes.CLI", "MSCodes.CLI\MSCodes.CLI.csproj", "{696506F0-69D6-411A-976D-466FC153561A}"
EndProject
Global
	GlobalSection(SolutionConfigurationPlatforms) = preSolution
		Debug|Any CPU = Debug|Any CPU
		Release|Any CPU = Release|Any CPU
	EndGlobalSection
	GlobalSection(ProjectConfigurationPlatforms) = postSolution
		{696506F0-69D6-411A-976D-466FC153561A}.Debug|Any CPU.ActiveCfg = Debug|Any CPU
		{696506F0-69D6-411A-976D-466FC153561A}.Debug|Any CPU.Build.0 = Debug|Any CPU
		{696506F0-69D6-411A-976D-466FC153561A}.Release|Any CPU.ActiveCfg = Release|Any CPU
		{696506F0-69D6-411A-976D-466FC153561A}.Release|Any CPU.Build.0 = Release|Any CPU
	EndGlobalSection
	GlobalSection(SolutionProperties) = preSolution
		HideSolutionNode = FALSE
	EndGlobalSection
	GlobalSection(ExtensibilityGlobals) = postSolution
		SolutionGuid = {A16BA045-F32F-4550-8BA7-1EE2B7A0E17E}
	EndGlobalSection
EndGlobal
